// !$*UTF8*$!
{
	archiveVersion = 1;
	classes = {
	};
	objectVersion = 50;
	objects = {

/* Begin PBXBuildFile section */
		8EF7182723BD592500D047BF /* AppDelegate.swift in Sources */ = {isa = PBXBuildFile; fileRef = 8EF7182623BD592500D047BF /* AppDelegate.swift */; };
		8EF7182923BD592500D047BF /* SceneDelegate.swift in Sources */ = {isa = PBXBuildFile; fileRef = 8EF7182823BD592500D047BF /* SceneDelegate.swift */; };
		8EF7182B23BD592500D047BF /* ViewController.swift in Sources */ = {isa = PBXBuildFile; fileRef = 8EF7182A23BD592500D047BF /* ViewController.swift */; };
		8EF7182E23BD592500D047BF /* Main.storyboard in Resources */ = {isa = PBXBuildFile; fileRef = 8EF7182C23BD592500D047BF /* Main.storyboard */; };
		8EF7183023BD592600D047BF /* Assets.xcassets in Resources */ = {isa = PBXBuildFile; fileRef = 8EF7182F23BD592600D047BF /* Assets.xcassets */; };
		8EF7183323BD592600D047BF /* LaunchScreen.storyboard in Resources */ = {isa = PBXBuildFile; fileRef = 8EF7183123BD592600D047BF /* LaunchScreen.storyboard */; };
		8EF7183B23BD593E00D047BF /* Optoinal.swift in Sources */ = {isa = PBXBuildFile; fileRef = 8EF7183A23BD593E00D047BF /* Optoinal.swift */; };
/* End PBXBuildFile section */

/* Begin PBXFileReference section */
		8EF7182323BD592500D047BF /* Optional.app */ = {isa = PBXFileReference; explicitFileType = wrapper.application; includeInIndex = 0; path = Optional.app; sourceTree = BUILT_PRODUCTS_DIR; };
		8EF7182623BD592500D047BF /* AppDelegate.swift */ = {isa = PBXFileReference; lastKnownFileType = sourcecode.swift; path = AppDelegate.swift; sourceTree = "<group>"; };
		8EF7182823BD592500D047BF /* SceneDelegate.swift */ = {isa = PBXFileReference; lastKnownFileType = sourcecode.swift; path = SceneDelegate.swift; sourceTree = "<group>"; };
		8EF7182A23BD592500D047BF /* ViewController.swift */ = {isa = PBXFileReference; lastKnownFileType = sourcecode.swift; path = ViewController.swift; sourceTree = "<group>"; };
		8EF7182D23BD592500D047BF /* Base */ = {isa = PBXFileReference; lastKnownFileType = file.storyboard; name = Base; path = Base.lproj/Main.storyboard; sourceTree = "<group>"; };
		8EF7182F23BD592600D047BF /* Assets.xcassets */ = {isa = PBXFileReference; lastKnownFileType = folder.assetcatalog; path = Assets.xcassets; sourceTree = "<group>"; };
		8EF7183223BD592600D047BF /* Base */ = {isa = PBXFileReference; lastKnownFileType = file.storyboard; name = Base; path = Base.lproj/LaunchScreen.storyboard; sourceTree = "<group>"; };
		8EF7183423BD592600D047BF /* Info.plist */ = {isa = PBXFileReference; lastKnownFileType = text.plist.xml; path = Info.plist; sourceTree = "<group>"; };
		8EF7183A23BD593E00D047BF /* Optoinal.swift */ = {isa = PBXFileReference; lastKnownFileType = sourcecode.swift; path = Optoinal.swift; sourceTree = "<group>"; };
/* End PBXFileReference section */

/* Begin PBXFrameworksBuildPhase section */
		8EF7182023BD592500D047BF /* Frameworks */ = {
			isa = PBXFrameworksBuildPhase;
			buildActionMask = 2147483647;
			files = (
			);
			runOnlyForDeploymentPostprocessing = 0;
		};
/* End PBXFrameworksBuildPhase section */

/* Begin PBXGroup section */
		8EF7181A23BD592500D047BF = {
			isa = PBXGroup;
			children = (
				8EF7182523BD592500D047BF /* Optional */,
				8EF7182423BD592500D047BF /* Products */,
			);
			sourceTree = "<group>";
		};
		8EF7182423BD592500D047BF /* Products */ = {
			isa = PBXGroup;
			children = (
				8EF7182323BD592500D047BF /* Optional.app */,
			);
			name = Products;
			sourceTree = "<group>";
		};
		8EF7182523BD592500D047BF /* Optional */ = {
			isa = PBXGroup;
			children = (
				8EF7183A23BD593E00D047BF /* Optoinal.swift */,
				8EF7182623BD592500D047BF /* AppDelegate.swift */,
				8EF7182823BD592500D047BF /* SceneDelegate.swift */,
				8EF7182A23BD592500D047BF /* ViewController.swift */,
				8EF7182C23BD592500D047BF /* Main.storyboard */,
				8EF7182F23BD592600D047BF /* Assets.xcassets */,
				8EF7183123BD592600D047BF /* LaunchScreen.storyboard */,
				8EF7183423BD592600D047BF /* Info.plist */,
			);
			path = Optional;
			sourceTree = "<group>";
		};
/* End PBXGroup section */

/* Begin PBXNativeTarget section */
		8EF7182223BD592500D047BF /* Optional */ = {
			isa = PBXNativeTarget;
			buildConfigurationList = 8EF7183723BD592600D047BF /* Build configuration list for PBXNativeTarget "Optional" */;
			buildPhases = (
				8EF7181F23BD592500D047BF /* Sources */,
				8EF7182023BD592500D047BF /* Frameworks */,
				8EF7182123BD592500D047BF /* Resources */,
			);
			buildRules = (
			);
			dependencies = (
			);
			name = Optional;
			productName = Optional;
			productReference = 8EF7182323BD592500D047BF /* Optional.app */;
			productType = "com.apple.product-type.application";
		};
/* End PBXNativeTarget section */

/* Begin PBXProject section */
		8EF7181B23BD592500D047BF /* Project object */ = {
			isa = PBXProject;
			attributes = {
				LastSwiftUpdateCheck = 1130;
				LastUpgradeCheck = 1130;
				ORGANIZATIONNAME = "HM C";
				TargetAttributes = {
					8EF7182223BD592500D047BF = {
						CreatedOnToolsVersion = 11.3;
					};
				};
			};
			buildConfigurationList = 8EF7181E23BD592500D047BF /* Build configuration list for PBXProject "Optional" */;
			compatibilityVersion = "Xcode 9.3";
			developmentRegion = en;
			hasScannedForEncodings = 0;
			knownRegions = (
				en,
				Base,
			);
			mainGroup = 8EF7181A23BD592500D047BF;
			productRefGroup = 8EF7182423BD592500D047BF /* Products */;
			projectDirPath = "";
			projectRoot = "";
			targets = (
				8EF7182223BD592500D047BF /* Optional */,
			);
		};
/* End PBXProject section */

/* Begin PBXResourcesBuildPhase section */
		8EF7182123BD592500D047BF /* Resources */ = {
			isa = PBXResourcesBuildPhase;
			buildActionMask = 2147483647;
			files = (
				8EF7183323BD592600D047BF /* LaunchScreen.storyboard in Resources */,
				8EF7183023BD592600D047BF /* Assets.xcassets in Resources */,
				8EF7182E23BD592500D047BF /* Main.storyboard in Resources */,
			);
			runOnlyForDeploymentPostprocessing = 0;
		};
/* End PBXResourcesBuildPhase section */

/* Begin PBXSourcesBuildPhase section */
		8EF7181F23BD592500D047BF /* Sources */ = {
			isa = PBXSourcesBuildPhase;
			buildActionMask = 2147483647;
			files = (
				8EF7182B23BD592500D047BF /* ViewController.swift in Sources */,
				8EF7182723BD592500D047BF /* AppDelegate.swift in Sources */,
				8EF7182923BD592500D047BF /* SceneDelegate.swift in Sources */,
				8EF7183B23BD593E00D047BF /* Optoinal.swift in Sources */,
			);
			runOnlyForDeploymentPostprocessing = 0;
		};
/* End PBXSourcesBuildPhase section */

/* Begin PBXVariantGroup section */
		8EF7182C23BD592500D047BF /* Main.storyboard */ = {
			isa = PBXVariantGroup;
			children = (
				8EF7182D23BD592500D047BF /* Base */,
			);
			name = Main.storyboard;
			sourceTree = "<group>";
		};
		8EF7183123BD592600D047BF /* LaunchScreen.storyboard */ = {
			isa = PBXVariantGroup;
			children = (
				8EF7183223BD592600D047BF /* Base */,
			);
			name = LaunchScreen.storyboard;
			sourceTree = "<group>";
		};
/* End PBXVariantGroup section */

/* Begin XCBuildConfiguration section */
		8EF7183523BD592600D047BF /* Debug */ = {
			isa = XCBuildConfiguration;
			buildSettings = {
				ALWAYS_SEARCH_USER_PATHS = NO;
				CLANG_ANALYZER_NONNULL = YES;
				CLANG_ANALYZER_NUMBER_OBJECT_CONVERSION = YES_AGGRESSIVE;
				CLANG_CXX_LANGUAGE_STANDARD = "gnu++14";
				CLANG_CXX_LIBRARY = "libc++";
				CLANG_ENABLE_MODULES = YES;
				CLANG_ENABLE_OBJC_ARC = YES;
				CLANG_ENABLE_OBJC_WEAK = YES;
				CLANG_WARN_BLOCK_CAPTURE_AUTORELEASING = YES;
				CLANG_WARN_BOOL_CONVERSION = YES;
				CLANG_WARN_COMMA = YES;
				CLANG_WARN_CONSTANT_CONVERSION = YES;
				CLANG_WARN_DEPRECATED_OBJC_IMPLEMENTATIONS = YES;
				CLANG_WARN_DIRECT_OBJC_ISA_USAGE = YES_ERROR;
				CLANG_WARN_DOCUMENTATION_COMMENTS = YES;
				CLANG_WARN_EMPTY_BODY = YES;
				CLANG_WARN_ENUM_CONVERSION = YES;
				CLANG_WARN_INFINITE_RECURSION = YES;
				CLANG_WARN_INT_CONVERSION = YES;
				CLANG_WARN_NON_LITERAL_NULL_CONVERSION = YES;
				CLANG_WARN_OBJC_IMPLICIT_RETAIN_SELF = YES;
				CLANG_WARN_OBJC_LITERAL_CONVERSION = YES;
				CLANG_WARN_OBJC_ROOT_CLASS = YES_ERROR;
				CLANG_WARN_RANGE_LOOP_ANALYSIS = YES;
				CLANG_WARN_STRICT_PROTOTYPES = YES;
				CLANG_WARN_SUSPICIOUS_MOVE = YES;
				CLANG_WARN_UNGUARDED_AVAILABILITY = YES_AGGRESSIVE;
				CLANG_WARN_UNREACHABLE_CODE = YES;
				CLANG_WARN__DUPLICATE_METHOD_MATCH = YES;
				COPY_PHASE_STRIP = NO;
				DEBUG_INFORMATION_FORMAT = dwarf;
				ENABLE_STRICT_OBJC_MSGSEND = YES;
				ENABLE_TESTABILITY = YES;
				GCC_C_LANGUAGE_STANDARD = gnu11;
				GCC_DYNAMIC_NO_PIC = NO;
				GCC_NO_COMMON_BLOCKS = YES;
				GCC_OPTIMIZATION_LEVEL = 0;
				GCC_PREPROCESSOR_DEFINITIONS = (
					"DEBUG=1",
					"$(inherited)",
				);
				GCC_WARN_64_TO_32_BIT_CONVERSION = YES;
				GCC_WARN_ABOUT_RETURN_TYPE = YES_ERROR;
				GCC_WARN_UNDECLARED_SELECTOR = YES;
				GCC_WARN_UNINITIALIZED_AUTOS = YES_AGGRESSIVE;
				GCC_WARN_UNUSED_FUNCTION = YES;
				GCC_WARN_UNUSED_VARIABLE = YES;
				IPHONEOS_DEPLOYMENT_TARGET = 13.2;
				MTL_ENABLE_DEBUG_INFO = INCLUDE_SOURCE;
				MTL_FAST_MATH = YES;
				ONLY_ACTIVE_ARCH = YES;
				SDKROOT = iphoneos;
				SWIFT_ACTIVE_COMPILATION_CONDITIONS = DEBUG;
				SWIFT_OPTIMIZATION_LEVEL = "-Onone";
			};
			name = Debug;
		};
		8EF7183623BD592600D047BF /* Release */ = {
			isa = XCBuildConfiguration;
			buildSettings = {
				ALWAYS_SEARCH_USER_PATHS = NO;
				CLANG_ANALYZER_NONNULL = YES;
				CLANG_ANALYZER_NUMBER_OBJECT_CONVERSION = YES_AGGRESSIVE;
				CLANG_CXX_LANGUAGE_STANDARD = "gnu++14";
				CLANG_CXX_LIBRARY = "libc++";
				CLANG_ENABLE_MODULES = YES;
				CLANG_ENABLE_OBJC_ARC = YES;
				CLANG_ENABLE_OBJC_WEAK = YES;
				CLANG_WARN_BLOCK_CAPTURE_AUTORELEASING = YES;
				CLANG_WARN_BOOL_CONVERSION = YES;
				CLANG_WARN_COMMA = YES;
				CLANG_WARN_CONSTANT_CONVERSION = YES;
				CLANG_WARN_DEPRECATED_OBJC_IMPLEMENTATIONS = YES;
				CLANG_WARN_DIRECT_OBJC_ISA_USAGE = YES_ERROR;
				CLANG_WARN_DOCUMENTATION_COMMENTS = YES;
				CLANG_WARN_EMPTY_BODY = YES;
				CLANG_WARN_ENUM_CONVERSION = YES;
				CLANG_WARN_INFINITE_RECURSION = YES;
				CLANG_WARN_INT_CONVERSION = YES;
				CLANG_WARN_NON_LITERAL_NULL_CONVERSION = YES;
				CLANG_WARN_OBJC_IMPLICIT_RETAIN_SELF = YES;
				CLANG_WARN_OBJC_LITERAL_CONVERSION = YES;
				CLANG_WARN_OBJC_ROOT_CLASS = YES_ERROR;
				CLANG_WARN_RANGE_LOOP_ANALYSIS = YES;
				CLANG_WARN_STRICT_PROTOTYPES = YES;
				CLANG_WARN_SUSPICIOUS_MOVE = YES;
				CLANG_WARN_UNGUARDED_AVAILABILITY = YES_AGGRESSIVE;
				CLANG_WARN_UNREACHABLE_CODE = YES;
				CLANG_WARN__DUPLICATE_METHOD_MATCH = YES;
				COPY_PHASE_STRIP = NO;
				DEBUG_INFORMATION_FORMAT = "dwarf-with-dsym";
				ENABLE_NS_ASSERTIONS = NO;
				ENABLE_STRICT_OBJC_MSGSEND = YES;
				GCC_C_LANGUAGE_STANDARD = gnu11;
				GCC_NO_COMMON_BLOCKS = YES;
				GCC_WARN_64_TO_32_BIT_CONVERSION = YES;
				GCC_WARN_ABOUT_RETURN_TYPE = YES_ERROR;
				GCC_WARN_UNDECLARED_SELECTOR = YES;
				GCC_WARN_UNINITIALIZED_AUTOS = YES_AGGRESSIVE;
				GCC_WARN_UNUSED_FUNCTION = YES;
				GCC_WARN_UNUSED_VARIABLE = YES;
				IPHONEOS_DEPLOYMENT_TARGET = 13.2;
				MTL_ENABLE_DEBUG_INFO = NO;
				MTL_FAST_MATH = YES;
				SDKROOT = iphoneos;
				SWIFT_COMPILATION_MODE = wholemodule;
				SWIFT_OPTIMIZATION_LEVEL = "-O";
				VALIDATE_PRODUCT = YES;
			};
			name = Release;
		};
		8EF7183823BD592600D047BF /* Debug */ = {
			isa = XCBuildConfiguration;
			buildSettings = {
				ASSETCATALOG_COMPILER_APPICON_NAME = AppIcon;
				CODE_SIGN_STYLE = Automatic;
				INFOPLIST_FILE = Optional/Info.plist;
				LD_RUNPATH_SEARCH_PATHS = (
					"$(inherited)",
					"@executable_path/Frameworks",
				);
				PRODUCT_BUNDLE_IDENTIFIER = HMCDeveloper.Optional;
				PRODUCT_NAME = "$(TARGET_NAME)";
				SWIFT_VERSION = 5.0;
				TARGETED_DEVICE_FAMILY = "1,2";
			};
			name = Debug;
		};
		8EF7183923BD592600D047BF /* Release */ = {
			isa = XCBuildConfiguration;
			buildSettings = {
				ASSETCATALOG_COMPILER_APPICON_NAME = AppIcon;
				CODE_SIGN_STYLE = Automatic;
				INFOPLIST_FILE = Optional/Info.plist;
				LD_RUNPATH_SEARCH_PATHS = (
					"$(inherited)",
					"@executable_path/Frameworks",
				);
				PRODUCT_BUNDLE_IDENTIFIER = HMCDeveloper.Optional;
				PRODUCT_NAME = "$(TARGET_NAME)";
				SWIFT_VERSION = 5.0;
				TARGETED_DEVICE_FAMILY = "1,2";
			};
			name = Release;
		};
/* End XCBuildConfiguration section */

/* Begin XCConfigurationList section */
		8EF7181E23BD592500D047BF /* Build configuration list for PBXProject "Optional" */ = {
			isa = XCConfigurationList;
			buildConfigurations = (
				8EF7183523BD592600D047BF /* Debug */,
				8EF7183623BD592600D047BF /* Release */,
			);
			defaultConfigurationIsVisible = 0;
			defaultConfigurationName = Release;
		};
		8EF7183723BD592600D047BF /* Build configuration list for PBXNativeTarget "Optional" */ = {
			isa = XCConfigurationList;
			buildConfigurations = (
				8EF7183823BD592600D047BF /* Debug */,
				8EF7183923BD592600D047BF /* Release */,
			);
			defaultConfigurationIsVisible = 0;
			defaultConfigurationName = Release;
		};
/* End XCConfigurationList section */
	};
	rootObject = 8EF7181B23BD592500D047BF /* Project object */;
}
