// !$*UTF8*$!
{
	archiveVersion = 1;
	classes = {
	};
	objectVersion = 50;
	objects = {

/* Begin PBXBuildFile section */
		8E54409E23B95DCF0067F688 /* AppDelegate.swift in Sources */ = {isa = PBXBuildFile; fileRef = 8E54409D23B95DCF0067F688 /* AppDelegate.swift */; };
		8E5440A023B95DCF0067F688 /* SceneDelegate.swift in Sources */ = {isa = PBXBuildFile; fileRef = 8E54409F23B95DCF0067F688 /* SceneDelegate.swift */; };
		8E5440A223B95DCF0067F688 /* ViewController.swift in Sources */ = {isa = PBXBuildFile; fileRef = 8E5440A123B95DCF0067F688 /* ViewController.swift */; };
		8E5440A523B95DCF0067F688 /* Main.storyboard in Resources */ = {isa = PBXBuildFile; fileRef = 8E5440A323B95DCF0067F688 /* Main.storyboard */; };
		8E5440A723B95DD20067F688 /* Assets.xcassets in Resources */ = {isa = PBXBuildFile; fileRef = 8E5440A623B95DD20067F688 /* Assets.xcassets */; };
		8E5440AA23B95DD20067F688 /* LaunchScreen.storyboard in Resources */ = {isa = PBXBuildFile; fileRef = 8E5440A823B95DD20067F688 /* LaunchScreen.storyboard */; };
		8E5440B223B95DEA0067F688 /* HigherOrderFunctions.swift in Sources */ = {isa = PBXBuildFile; fileRef = 8E5440B123B95DEA0067F688 /* HigherOrderFunctions.swift */; };
/* End PBXBuildFile section */

/* Begin PBXFileReference section */
		8E54409A23B95DCF0067F688 /* Higher-OrderFunctions.app */ = {isa = PBXFileReference; explicitFileType = wrapper.application; includeInIndex = 0; path = "Higher-OrderFunctions.app"; sourceTree = BUILT_PRODUCTS_DIR; };
		8E54409D23B95DCF0067F688 /* AppDelegate.swift */ = {isa = PBXFileReference; lastKnownFileType = sourcecode.swift; path = AppDelegate.swift; sourceTree = "<group>"; };
		8E54409F23B95DCF0067F688 /* SceneDelegate.swift */ = {isa = PBXFileReference; lastKnownFileType = sourcecode.swift; path = SceneDelegate.swift; sourceTree = "<group>"; };
		8E5440A123B95DCF0067F688 /* ViewController.swift */ = {isa = PBXFileReference; lastKnownFileType = sourcecode.swift; path = ViewController.swift; sourceTree = "<group>"; };
		8E5440A423B95DCF0067F688 /* Base */ = {isa = PBXFileReference; lastKnownFileType = file.storyboard; name = Base; path = Base.lproj/Main.storyboard; sourceTree = "<group>"; };
		8E5440A623B95DD20067F688 /* Assets.xcassets */ = {isa = PBXFileReference; lastKnownFileType = folder.assetcatalog; path = Assets.xcassets; sourceTree = "<group>"; };
		8E5440A923B95DD20067F688 /* Base */ = {isa = PBXFileReference; lastKnownFileType = file.storyboard; name = Base; path = Base.lproj/LaunchScreen.storyboard; sourceTree = "<group>"; };
		8E5440AB23B95DD20067F688 /* Info.plist */ = {isa = PBXFileReference; lastKnownFileType = text.plist.xml; path = Info.plist; sourceTree = "<group>"; };
		8E5440B123B95DEA0067F688 /* HigherOrderFunctions.swift */ = {isa = PBXFileReference; lastKnownFileType = sourcecode.swift; path = HigherOrderFunctions.swift; sourceTree = "<group>"; };
/* End PBXFileReference section */

/* Begin PBXFrameworksBuildPhase section */
		8E54409723B95DCF0067F688 /* Frameworks */ = {
			isa = PBXFrameworksBuildPhase;
			buildActionMask = 2147483647;
			files = (
			);
			runOnlyForDeploymentPostprocessing = 0;
		};
/* End PBXFrameworksBuildPhase section */

/* Begin PBXGroup section */
		8E54409123B95DCF0067F688 = {
			isa = PBXGroup;
			children = (
				8E54409C23B95DCF0067F688 /* Higher-OrderFunctions */,
				8E54409B23B95DCF0067F688 /* Products */,
			);
			sourceTree = "<group>";
		};
		8E54409B23B95DCF0067F688 /* Products */ = {
			isa = PBXGroup;
			children = (
				8E54409A23B95DCF0067F688 /* Higher-OrderFunctions.app */,
			);
			name = Products;
			sourceTree = "<group>";
		};
		8E54409C23B95DCF0067F688 /* Higher-OrderFunctions */ = {
			isa = PBXGroup;
			children = (
				8E5440B123B95DEA0067F688 /* HigherOrderFunctions.swift */,
				8E54409D23B95DCF0067F688 /* AppDelegate.swift */,
				8E54409F23B95DCF0067F688 /* SceneDelegate.swift */,
				8E5440A123B95DCF0067F688 /* ViewController.swift */,
				8E5440A323B95DCF0067F688 /* Main.storyboard */,
				8E5440A623B95DD20067F688 /* Assets.xcassets */,
				8E5440A823B95DD20067F688 /* LaunchScreen.storyboard */,
				8E5440AB23B95DD20067F688 /* Info.plist */,
			);
			path = "Higher-OrderFunctions";
			sourceTree = "<group>";
		};
/* End PBXGroup section */

/* Begin PBXNativeTarget section */
		8E54409923B95DCF0067F688 /* Higher-OrderFunctions */ = {
			isa = PBXNativeTarget;
			buildConfigurationList = 8E5440AE23B95DD20067F688 /* Build configuration list for PBXNativeTarget "Higher-OrderFunctions" */;
			buildPhases = (
				8E54409623B95DCF0067F688 /* Sources */,
				8E54409723B95DCF0067F688 /* Frameworks */,
				8E54409823B95DCF0067F688 /* Resources */,
			);
			buildRules = (
			);
			dependencies = (
			);
			name = "Higher-OrderFunctions";
			productName = "Higher-OrderFunctions";
			productReference = 8E54409A23B95DCF0067F688 /* Higher-OrderFunctions.app */;
			productType = "com.apple.product-type.application";
		};
/* End PBXNativeTarget section */

/* Begin PBXProject section */
		8E54409223B95DCF0067F688 /* Project object */ = {
			isa = PBXProject;
			attributes = {
				LastSwiftUpdateCheck = 1130;
				LastUpgradeCheck = 1130;
				ORGANIZATIONNAME = "HM C";
				TargetAttributes = {
					8E54409923B95DCF0067F688 = {
						CreatedOnToolsVersion = 11.3;
					};
				};
			};
			buildConfigurationList = 8E54409523B95DCF0067F688 /* Build configuration list for PBXProject "Higher-OrderFunctions" */;
			compatibilityVersion = "Xcode 9.3";
			developmentRegion = en;
			hasScannedForEncodings = 0;
			knownRegions = (
				en,
				Base,
			);
			mainGroup = 8E54409123B95DCF0067F688;
			productRefGroup = 8E54409B23B95DCF0067F688 /* Products */;
			projectDirPath = "";
			projectRoot = "";
			targets = (
				8E54409923B95DCF0067F688 /* Higher-OrderFunctions */,
			);
		};
/* End PBXProject section */

/* Begin PBXResourcesBuildPhase section */
		8E54409823B95DCF0067F688 /* Resources */ = {
			isa = PBXResourcesBuildPhase;
			buildActionMask = 2147483647;
			files = (
				8E5440AA23B95DD20067F688 /* LaunchScreen.storyboard in Resources */,
				8E5440A723B95DD20067F688 /* Assets.xcassets in Resources */,
				8E5440A523B95DCF0067F688 /* Main.storyboard in Resources */,
			);
			runOnlyForDeploymentPostprocessing = 0;
		};
/* End PBXResourcesBuildPhase section */

/* Begin PBXSourcesBuildPhase section */
		8E54409623B95DCF0067F688 /* Sources */ = {
			isa = PBXSourcesBuildPhase;
			buildActionMask = 2147483647;
			files = (
				8E5440A223B95DCF0067F688 /* ViewController.swift in Sources */,
				8E5440B223B95DEA0067F688 /* HigherOrderFunctions.swift in Sources */,
				8E54409E23B95DCF0067F688 /* AppDelegate.swift in Sources */,
				8E5440A023B95DCF0067F688 /* SceneDelegate.swift in Sources */,
			);
			runOnlyForDeploymentPostprocessing = 0;
		};
/* End PBXSourcesBuildPhase section */

/* Begin PBXVariantGroup section */
		8E5440A323B95DCF0067F688 /* Main.storyboard */ = {
			isa = PBXVariantGroup;
			children = (
				8E5440A423B95DCF0067F688 /* Base */,
			);
			name = Main.storyboard;
			sourceTree = "<group>";
		};
		8E5440A823B95DD20067F688 /* LaunchScreen.storyboard */ = {
			isa = PBXVariantGroup;
			children = (
				8E5440A923B95DD20067F688 /* Base */,
			);
			name = LaunchScreen.storyboard;
			sourceTree = "<group>";
		};
/* End PBXVariantGroup section */

/* Begin XCBuildConfiguration section */
		8E5440AC23B95DD20067F688 /* Debug */ = {
			isa = XCBuildConfiguration;
			buildSettings = {
				ALWAYS_SEARCH_USER_PATHS = NO;
				CLANG_ANALYZER_NONNULL = YES;
				CLANG_ANALYZER_NUMBER_OBJECT_CONVERSION = YES_AGGRESSIVE;
				CLANG_CXX_LANGUAGE_STANDARD = "gnu++14";
				CLANG_CXX_LIBRARY = "libc++";
				CLANG_ENABLE_MODULES = YES;
				CLANG_ENABLE_OBJC_ARC = YES;
				CLANG_ENABLE_OBJC_WEAK = YES;
				CLANG_WARN_BLOCK_CAPTURE_AUTORELEASING = YES;
				CLANG_WARN_BOOL_CONVERSION = YES;
				CLANG_WARN_COMMA = YES;
				CLANG_WARN_CONSTANT_CONVERSION = YES;
				CLANG_WARN_DEPRECATED_OBJC_IMPLEMENTATIONS = YES;
				CLANG_WARN_DIRECT_OBJC_ISA_USAGE = YES_ERROR;
				CLANG_WARN_DOCUMENTATION_COMMENTS = YES;
				CLANG_WARN_EMPTY_BODY = YES;
				CLANG_WARN_ENUM_CONVERSION = YES;
				CLANG_WARN_INFINITE_RECURSION = YES;
				CLANG_WARN_INT_CONVERSION = YES;
				CLANG_WARN_NON_LITERAL_NULL_CONVERSION = YES;
				CLANG_WARN_OBJC_IMPLICIT_RETAIN_SELF = YES;
				CLANG_WARN_OBJC_LITERAL_CONVERSION = YES;
				CLANG_WARN_OBJC_ROOT_CLASS = YES_ERROR;
				CLANG_WARN_RANGE_LOOP_ANALYSIS = YES;
				CLANG_WARN_STRICT_PROTOTYPES = YES;
				CLANG_WARN_SUSPICIOUS_MOVE = YES;
				CLANG_WARN_UNGUARDED_AVAILABILITY = YES_AGGRESSIVE;
				CLANG_WARN_UNREACHABLE_CODE = YES;
				CLANG_WARN__DUPLICATE_METHOD_MATCH = YES;
				COPY_PHASE_STRIP = NO;
				DEBUG_INFORMATION_FORMAT = dwarf;
				ENABLE_STRICT_OBJC_MSGSEND = YES;
				ENABLE_TESTABILITY = YES;
				GCC_C_LANGUAGE_STANDARD = gnu11;
				GCC_DYNAMIC_NO_PIC = NO;
				GCC_NO_COMMON_BLOCKS = YES;
				GCC_OPTIMIZATION_LEVEL = 0;
				GCC_PREPROCESSOR_DEFINITIONS = (
					"DEBUG=1",
					"$(inherited)",
				);
				GCC_WARN_64_TO_32_BIT_CONVERSION = YES;
				GCC_WARN_ABOUT_RETURN_TYPE = YES_ERROR;
				GCC_WARN_UNDECLARED_SELECTOR = YES;
				GCC_WARN_UNINITIALIZED_AUTOS = YES_AGGRESSIVE;
				GCC_WARN_UNUSED_FUNCTION = YES;
				GCC_WARN_UNUSED_VARIABLE = YES;
				IPHONEOS_DEPLOYMENT_TARGET = 13.2;
				MTL_ENABLE_DEBUG_INFO = INCLUDE_SOURCE;
				MTL_FAST_MATH = YES;
				ONLY_ACTIVE_ARCH = YES;
				SDKROOT = iphoneos;
				SWIFT_ACTIVE_COMPILATION_CONDITIONS = DEBUG;
				SWIFT_OPTIMIZATION_LEVEL = "-Onone";
			};
			name = Debug;
		};
		8E5440AD23B95DD20067F688 /* Release */ = {
			isa = XCBuildConfiguration;
			buildSettings = {
				ALWAYS_SEARCH_USER_PATHS = NO;
				CLANG_ANALYZER_NONNULL = YES;
				CLANG_ANALYZER_NUMBER_OBJECT_CONVERSION = YES_AGGRESSIVE;
				CLANG_CXX_LANGUAGE_STANDARD = "gnu++14";
				CLANG_CXX_LIBRARY = "libc++";
				CLANG_ENABLE_MODULES = YES;
				CLANG_ENABLE_OBJC_ARC = YES;
				CLANG_ENABLE_OBJC_WEAK = YES;
				CLANG_WARN_BLOCK_CAPTURE_AUTORELEASING = YES;
				CLANG_WARN_BOOL_CONVERSION = YES;
				CLANG_WARN_COMMA = YES;
				CLANG_WARN_CONSTANT_CONVERSION = YES;
				CLANG_WARN_DEPRECATED_OBJC_IMPLEMENTATIONS = YES;
				CLANG_WARN_DIRECT_OBJC_ISA_USAGE = YES_ERROR;
				CLANG_WARN_DOCUMENTATION_COMMENTS = YES;
				CLANG_WARN_EMPTY_BODY = YES;
				CLANG_WARN_ENUM_CONVERSION = YES;
				CLANG_WARN_INFINITE_RECURSION = YES;
				CLANG_WARN_INT_CONVERSION = YES;
				CLANG_WARN_NON_LITERAL_NULL_CONVERSION = YES;
				CLANG_WARN_OBJC_IMPLICIT_RETAIN_SELF = YES;
				CLANG_WARN_OBJC_LITERAL_CONVERSION = YES;
				CLANG_WARN_OBJC_ROOT_CLASS = YES_ERROR;
				CLANG_WARN_RANGE_LOOP_ANALYSIS = YES;
				CLANG_WARN_STRICT_PROTOTYPES = YES;
				CLANG_WARN_SUSPICIOUS_MOVE = YES;
				CLANG_WARN_UNGUARDED_AVAILABILITY = YES_AGGRESSIVE;
				CLANG_WARN_UNREACHABLE_CODE = YES;
				CLANG_WARN__DUPLICATE_METHOD_MATCH = YES;
				COPY_PHASE_STRIP = NO;
				DEBUG_INFORMATION_FORMAT = "dwarf-with-dsym";
				ENABLE_NS_ASSERTIONS = NO;
				ENABLE_STRICT_OBJC_MSGSEND = YES;
				GCC_C_LANGUAGE_STANDARD = gnu11;
				GCC_NO_COMMON_BLOCKS = YES;
				GCC_WARN_64_TO_32_BIT_CONVERSION = YES;
				GCC_WARN_ABOUT_RETURN_TYPE = YES_ERROR;
				GCC_WARN_UNDECLARED_SELECTOR = YES;
				GCC_WARN_UNINITIALIZED_AUTOS = YES_AGGRESSIVE;
				GCC_WARN_UNUSED_FUNCTION = YES;
				GCC_WARN_UNUSED_VARIABLE = YES;
				IPHONEOS_DEPLOYMENT_TARGET = 13.2;
				MTL_ENABLE_DEBUG_INFO = NO;
				MTL_FAST_MATH = YES;
				SDKROOT = iphoneos;
				SWIFT_COMPILATION_MODE = wholemodule;
				SWIFT_OPTIMIZATION_LEVEL = "-O";
				VALIDATE_PRODUCT = YES;
			};
			name = Release;
		};
		8E5440AF23B95DD20067F688 /* Debug */ = {
			isa = XCBuildConfiguration;
			buildSettings = {
				ASSETCATALOG_COMPILER_APPICON_NAME = AppIcon;
				CODE_SIGN_STYLE = Automatic;
				INFOPLIST_FILE = "Higher-OrderFunctions/Info.plist";
				LD_RUNPATH_SEARCH_PATHS = (
					"$(inherited)",
					"@executable_path/Frameworks",
				);
				PRODUCT_BUNDLE_IDENTIFIER = "HMCDeveloper.Higher-OrderFunctions";
				PRODUCT_NAME = "$(TARGET_NAME)";
				SWIFT_VERSION = 5.0;
				TARGETED_DEVICE_FAMILY = "1,2";
			};
			name = Debug;
		};
		8E5440B023B95DD20067F688 /* Release */ = {
			isa = XCBuildConfiguration;
			buildSettings = {
				ASSETCATALOG_COMPILER_APPICON_NAME = AppIcon;
				CODE_SIGN_STYLE = Automatic;
				INFOPLIST_FILE = "Higher-OrderFunctions/Info.plist";
				LD_RUNPATH_SEARCH_PATHS = (
					"$(inherited)",
					"@executable_path/Frameworks",
				);
				PRODUCT_BUNDLE_IDENTIFIER = "HMCDeveloper.Higher-OrderFunctions";
				PRODUCT_NAME = "$(TARGET_NAME)";
				SWIFT_VERSION = 5.0;
				TARGETED_DEVICE_FAMILY = "1,2";
			};
			name = Release;
		};
/* End XCBuildConfiguration section */

/* Begin XCConfigurationList section */
		8E54409523B95DCF0067F688 /* Build configuration list for PBXProject "Higher-OrderFunctions" */ = {
			isa = XCConfigurationList;
			buildConfigurations = (
				8E5440AC23B95DD20067F688 /* Debug */,
				8E5440AD23B95DD20067F688 /* Release */,
			);
			defaultConfigurationIsVisible = 0;
			defaultConfigurationName = Release;
		};
		8E5440AE23B95DD20067F688 /* Build configuration list for PBXNativeTarget "Higher-OrderFunctions" */ = {
			isa = XCConfigurationList;
			buildConfigurations = (
				8E5440AF23B95DD20067F688 /* Debug */,
				8E5440B023B95DD20067F688 /* Release */,
			);
			defaultConfigurationIsVisible = 0;
			defaultConfigurationName = Release;
		};
/* End XCConfigurationList section */
	};
	rootObject = 8E54409223B95DCF0067F688 /* Project object */;
}
