// !$*UTF8*$!
{
	archiveVersion = 1;
	classes = {
	};
	objectVersion = 50;
	objects = {

/* Begin PBXBuildFile section */
		D2CAF8AB23C331AD00BFC04B /* AppDelegate.swift in Sources */ = {isa = PBXBuildFile; fileRef = D2CAF8AA23C331AD00BFC04B /* AppDelegate.swift */; };
		D2CAF8AD23C331AD00BFC04B /* SceneDelegate.swift in Sources */ = {isa = PBXBuildFile; fileRef = D2CAF8AC23C331AD00BFC04B /* SceneDelegate.swift */; };
		D2CAF8AF23C331AD00BFC04B /* ViewController.swift in Sources */ = {isa = PBXBuildFile; fileRef = D2CAF8AE23C331AD00BFC04B /* ViewController.swift */; };
		D2CAF8B223C331AD00BFC04B /* Main.storyboard in Resources */ = {isa = PBXBuildFile; fileRef = D2CAF8B023C331AD00BFC04B /* Main.storyboard */; };
		D2CAF8B423C331B200BFC04B /* Assets.xcassets in Resources */ = {isa = PBXBuildFile; fileRef = D2CAF8B323C331B200BFC04B /* Assets.xcassets */; };
		D2CAF8B723C331B200BFC04B /* LaunchScreen.storyboard in Resources */ = {isa = PBXBuildFile; fileRef = D2CAF8B523C331B200BFC04B /* LaunchScreen.storyboard */; };
		D2CAF8BF23C331DC00BFC04B /* Immutability.swift in Sources */ = {isa = PBXBuildFile; fileRef = D2CAF8BE23C331DC00BFC04B /* Immutability.swift */; };
/* End PBXBuildFile section */

/* Begin PBXFileReference section */
		D2CAF8A723C331AD00BFC04B /* Immutability.app */ = {isa = PBXFileReference; explicitFileType = wrapper.application; includeInIndex = 0; path = Immutability.app; sourceTree = BUILT_PRODUCTS_DIR; };
		D2CAF8AA23C331AD00BFC04B /* AppDelegate.swift */ = {isa = PBXFileReference; lastKnownFileType = sourcecode.swift; path = AppDelegate.swift; sourceTree = "<group>"; };
		D2CAF8AC23C331AD00BFC04B /* SceneDelegate.swift */ = {isa = PBXFileReference; lastKnownFileType = sourcecode.swift; path = SceneDelegate.swift; sourceTree = "<group>"; };
		D2CAF8AE23C331AD00BFC04B /* ViewController.swift */ = {isa = PBXFileReference; lastKnownFileType = sourcecode.swift; path = ViewController.swift; sourceTree = "<group>"; };
		D2CAF8B123C331AD00BFC04B /* Base */ = {isa = PBXFileReference; lastKnownFileType = file.storyboard; name = Base; path = Base.lproj/Main.storyboard; sourceTree = "<group>"; };
		D2CAF8B323C331B200BFC04B /* Assets.xcassets */ = {isa = PBXFileReference; lastKnownFileType = folder.assetcatalog; path = Assets.xcassets; sourceTree = "<group>"; };
		D2CAF8B623C331B200BFC04B /* Base */ = {isa = PBXFileReference; lastKnownFileType = file.storyboard; name = Base; path = Base.lproj/LaunchScreen.storyboard; sourceTree = "<group>"; };
		D2CAF8B823C331B200BFC04B /* Info.plist */ = {isa = PBXFileReference; lastKnownFileType = text.plist.xml; path = Info.plist; sourceTree = "<group>"; };
		D2CAF8BE23C331DC00BFC04B /* Immutability.swift */ = {isa = PBXFileReference; lastKnownFileType = sourcecode.swift; path = Immutability.swift; sourceTree = "<group>"; };
/* End PBXFileReference section */

/* Begin PBXFrameworksBuildPhase section */
		D2CAF8A423C331AD00BFC04B /* Frameworks */ = {
			isa = PBXFrameworksBuildPhase;
			buildActionMask = 2147483647;
			files = (
			);
			runOnlyForDeploymentPostprocessing = 0;
		};
/* End PBXFrameworksBuildPhase section */

/* Begin PBXGroup section */
		D2CAF89E23C331AD00BFC04B = {
			isa = PBXGroup;
			children = (
				D2CAF8A923C331AD00BFC04B /* Immutability */,
				D2CAF8A823C331AD00BFC04B /* Products */,
			);
			sourceTree = "<group>";
		};
		D2CAF8A823C331AD00BFC04B /* Products */ = {
			isa = PBXGroup;
			children = (
				D2CAF8A723C331AD00BFC04B /* Immutability.app */,
			);
			name = Products;
			sourceTree = "<group>";
		};
		D2CAF8A923C331AD00BFC04B /* Immutability */ = {
			isa = PBXGroup;
			children = (
				D2CAF8BE23C331DC00BFC04B /* Immutability.swift */,
				D2CAF8AA23C331AD00BFC04B /* AppDelegate.swift */,
				D2CAF8AC23C331AD00BFC04B /* SceneDelegate.swift */,
				D2CAF8AE23C331AD00BFC04B /* ViewController.swift */,
				D2CAF8B023C331AD00BFC04B /* Main.storyboard */,
				D2CAF8B323C331B200BFC04B /* Assets.xcassets */,
				D2CAF8B523C331B200BFC04B /* LaunchScreen.storyboard */,
				D2CAF8B823C331B200BFC04B /* Info.plist */,
			);
			path = Immutability;
			sourceTree = "<group>";
		};
/* End PBXGroup section */

/* Begin PBXNativeTarget section */
		D2CAF8A623C331AD00BFC04B /* Immutability */ = {
			isa = PBXNativeTarget;
			buildConfigurationList = D2CAF8BB23C331B200BFC04B /* Build configuration list for PBXNativeTarget "Immutability" */;
			buildPhases = (
				D2CAF8A323C331AD00BFC04B /* Sources */,
				D2CAF8A423C331AD00BFC04B /* Frameworks */,
				D2CAF8A523C331AD00BFC04B /* Resources */,
			);
			buildRules = (
			);
			dependencies = (
			);
			name = Immutability;
			productName = Immutability;
			productReference = D2CAF8A723C331AD00BFC04B /* Immutability.app */;
			productType = "com.apple.product-type.application";
		};
/* End PBXNativeTarget section */

/* Begin PBXProject section */
		D2CAF89F23C331AD00BFC04B /* Project object */ = {
			isa = PBXProject;
			attributes = {
				LastSwiftUpdateCheck = 1120;
				LastUpgradeCheck = 1120;
				ORGANIZATIONNAME = CHM;
				TargetAttributes = {
					D2CAF8A623C331AD00BFC04B = {
						CreatedOnToolsVersion = 11.2.1;
					};
				};
			};
			buildConfigurationList = D2CAF8A223C331AD00BFC04B /* Build configuration list for PBXProject "Immutability" */;
			compatibilityVersion = "Xcode 9.3";
			developmentRegion = en;
			hasScannedForEncodings = 0;
			knownRegions = (
				en,
				Base,
			);
			mainGroup = D2CAF89E23C331AD00BFC04B;
			productRefGroup = D2CAF8A823C331AD00BFC04B /* Products */;
			projectDirPath = "";
			projectRoot = "";
			targets = (
				D2CAF8A623C331AD00BFC04B /* Immutability */,
			);
		};
/* End PBXProject section */

/* Begin PBXResourcesBuildPhase section */
		D2CAF8A523C331AD00BFC04B /* Resources */ = {
			isa = PBXResourcesBuildPhase;
			buildActionMask = 2147483647;
			files = (
				D2CAF8B723C331B200BFC04B /* LaunchScreen.storyboard in Resources */,
				D2CAF8B423C331B200BFC04B /* Assets.xcassets in Resources */,
				D2CAF8B223C331AD00BFC04B /* Main.storyboard in Resources */,
			);
			runOnlyForDeploymentPostprocessing = 0;
		};
/* End PBXResourcesBuildPhase section */

/* Begin PBXSourcesBuildPhase section */
		D2CAF8A323C331AD00BFC04B /* Sources */ = {
			isa = PBXSourcesBuildPhase;
			buildActionMask = 2147483647;
			files = (
				D2CAF8AF23C331AD00BFC04B /* ViewController.swift in Sources */,
				D2CAF8AB23C331AD00BFC04B /* AppDelegate.swift in Sources */,
				D2CAF8AD23C331AD00BFC04B /* SceneDelegate.swift in Sources */,
				D2CAF8BF23C331DC00BFC04B /* Immutability.swift in Sources */,
			);
			runOnlyForDeploymentPostprocessing = 0;
		};
/* End PBXSourcesBuildPhase section */

/* Begin PBXVariantGroup section */
		D2CAF8B023C331AD00BFC04B /* Main.storyboard */ = {
			isa = PBXVariantGroup;
			children = (
				D2CAF8B123C331AD00BFC04B /* Base */,
			);
			name = Main.storyboard;
			sourceTree = "<group>";
		};
		D2CAF8B523C331B200BFC04B /* LaunchScreen.storyboard */ = {
			isa = PBXVariantGroup;
			children = (
				D2CAF8B623C331B200BFC04B /* Base */,
			);
			name = LaunchScreen.storyboard;
			sourceTree = "<group>";
		};
/* End PBXVariantGroup section */

/* Begin XCBuildConfiguration section */
		D2CAF8B923C331B200BFC04B /* Debug */ = {
			isa = XCBuildConfiguration;
			buildSettings = {
				ALWAYS_SEARCH_USER_PATHS = NO;
				CLANG_ANALYZER_NONNULL = YES;
				CLANG_ANALYZER_NUMBER_OBJECT_CONVERSION = YES_AGGRESSIVE;
				CLANG_CXX_LANGUAGE_STANDARD = "gnu++14";
				CLANG_CXX_LIBRARY = "libc++";
				CLANG_ENABLE_MODULES = YES;
				CLANG_ENABLE_OBJC_ARC = YES;
				CLANG_ENABLE_OBJC_WEAK = YES;
				CLANG_WARN_BLOCK_CAPTURE_AUTORELEASING = YES;
				CLANG_WARN_BOOL_CONVERSION = YES;
				CLANG_WARN_COMMA = YES;
				CLANG_WARN_CONSTANT_CONVERSION = YES;
				CLANG_WARN_DEPRECATED_OBJC_IMPLEMENTATIONS = YES;
				CLANG_WARN_DIRECT_OBJC_ISA_USAGE = YES_ERROR;
				CLANG_WARN_DOCUMENTATION_COMMENTS = YES;
				CLANG_WARN_EMPTY_BODY = YES;
				CLANG_WARN_ENUM_CONVERSION = YES;
				CLANG_WARN_INFINITE_RECURSION = YES;
				CLANG_WARN_INT_CONVERSION = YES;
				CLANG_WARN_NON_LITERAL_NULL_CONVERSION = YES;
				CLANG_WARN_OBJC_IMPLICIT_RETAIN_SELF = YES;
				CLANG_WARN_OBJC_LITERAL_CONVERSION = YES;
				CLANG_WARN_OBJC_ROOT_CLASS = YES_ERROR;
				CLANG_WARN_RANGE_LOOP_ANALYSIS = YES;
				CLANG_WARN_STRICT_PROTOTYPES = YES;
				CLANG_WARN_SUSPICIOUS_MOVE = YES;
				CLANG_WARN_UNGUARDED_AVAILABILITY = YES_AGGRESSIVE;
				CLANG_WARN_UNREACHABLE_CODE = YES;
				CLANG_WARN__DUPLICATE_METHOD_MATCH = YES;
				COPY_PHASE_STRIP = NO;
				DEBUG_INFORMATION_FORMAT = dwarf;
				ENABLE_STRICT_OBJC_MSGSEND = YES;
				ENABLE_TESTABILITY = YES;
				GCC_C_LANGUAGE_STANDARD = gnu11;
				GCC_DYNAMIC_NO_PIC = NO;
				GCC_NO_COMMON_BLOCKS = YES;
				GCC_OPTIMIZATION_LEVEL = 0;
				GCC_PREPROCESSOR_DEFINITIONS = (
					"DEBUG=1",
					"$(inherited)",
				);
				GCC_WARN_64_TO_32_BIT_CONVERSION = YES;
				GCC_WARN_ABOUT_RETURN_TYPE = YES_ERROR;
				GCC_WARN_UNDECLARED_SELECTOR = YES;
				GCC_WARN_UNINITIALIZED_AUTOS = YES_AGGRESSIVE;
				GCC_WARN_UNUSED_FUNCTION = YES;
				GCC_WARN_UNUSED_VARIABLE = YES;
				IPHONEOS_DEPLOYMENT_TARGET = 13.2;
				MTL_ENABLE_DEBUG_INFO = INCLUDE_SOURCE;
				MTL_FAST_MATH = YES;
				ONLY_ACTIVE_ARCH = YES;
				SDKROOT = iphoneos;
				SWIFT_ACTIVE_COMPILATION_CONDITIONS = DEBUG;
				SWIFT_OPTIMIZATION_LEVEL = "-Onone";
			};
			name = Debug;
		};
		D2CAF8BA23C331B200BFC04B /* Release */ = {
			isa = XCBuildConfiguration;
			buildSettings = {
				ALWAYS_SEARCH_USER_PATHS = NO;
				CLANG_ANALYZER_NONNULL = YES;
				CLANG_ANALYZER_NUMBER_OBJECT_CONVERSION = YES_AGGRESSIVE;
				CLANG_CXX_LANGUAGE_STANDARD = "gnu++14";
				CLANG_CXX_LIBRARY = "libc++";
				CLANG_ENABLE_MODULES = YES;
				CLANG_ENABLE_OBJC_ARC = YES;
				CLANG_ENABLE_OBJC_WEAK = YES;
				CLANG_WARN_BLOCK_CAPTURE_AUTORELEASING = YES;
				CLANG_WARN_BOOL_CONVERSION = YES;
				CLANG_WARN_COMMA = YES;
				CLANG_WARN_CONSTANT_CONVERSION = YES;
				CLANG_WARN_DEPRECATED_OBJC_IMPLEMENTATIONS = YES;
				CLANG_WARN_DIRECT_OBJC_ISA_USAGE = YES_ERROR;
				CLANG_WARN_DOCUMENTATION_COMMENTS = YES;
				CLANG_WARN_EMPTY_BODY = YES;
				CLANG_WARN_ENUM_CONVERSION = YES;
				CLANG_WARN_INFINITE_RECURSION = YES;
				CLANG_WARN_INT_CONVERSION = YES;
				CLANG_WARN_NON_LITERAL_NULL_CONVERSION = YES;
				CLANG_WARN_OBJC_IMPLICIT_RETAIN_SELF = YES;
				CLANG_WARN_OBJC_LITERAL_CONVERSION = YES;
				CLANG_WARN_OBJC_ROOT_CLASS = YES_ERROR;
				CLANG_WARN_RANGE_LOOP_ANALYSIS = YES;
				CLANG_WARN_STRICT_PROTOTYPES = YES;
				CLANG_WARN_SUSPICIOUS_MOVE = YES;
				CLANG_WARN_UNGUARDED_AVAILABILITY = YES_AGGRESSIVE;
				CLANG_WARN_UNREACHABLE_CODE = YES;
				CLANG_WARN__DUPLICATE_METHOD_MATCH = YES;
				COPY_PHASE_STRIP = NO;
				DEBUG_INFORMATION_FORMAT = "dwarf-with-dsym";
				ENABLE_NS_ASSERTIONS = NO;
				ENABLE_STRICT_OBJC_MSGSEND = YES;
				GCC_C_LANGUAGE_STANDARD = gnu11;
				GCC_NO_COMMON_BLOCKS = YES;
				GCC_WARN_64_TO_32_BIT_CONVERSION = YES;
				GCC_WARN_ABOUT_RETURN_TYPE = YES_ERROR;
				GCC_WARN_UNDECLARED_SELECTOR = YES;
				GCC_WARN_UNINITIALIZED_AUTOS = YES_AGGRESSIVE;
				GCC_WARN_UNUSED_FUNCTION = YES;
				GCC_WARN_UNUSED_VARIABLE = YES;
				IPHONEOS_DEPLOYMENT_TARGET = 13.2;
				MTL_ENABLE_DEBUG_INFO = NO;
				MTL_FAST_MATH = YES;
				SDKROOT = iphoneos;
				SWIFT_COMPILATION_MODE = wholemodule;
				SWIFT_OPTIMIZATION_LEVEL = "-O";
				VALIDATE_PRODUCT = YES;
			};
			name = Release;
		};
		D2CAF8BC23C331B200BFC04B /* Debug */ = {
			isa = XCBuildConfiguration;
			buildSettings = {
				ASSETCATALOG_COMPILER_APPICON_NAME = AppIcon;
				CODE_SIGN_STYLE = Automatic;
				INFOPLIST_FILE = Immutability/Info.plist;
				LD_RUNPATH_SEARCH_PATHS = (
					"$(inherited)",
					"@executable_path/Frameworks",
				);
				PRODUCT_BUNDLE_IDENTIFIER = chm.Immutability;
				PRODUCT_NAME = "$(TARGET_NAME)";
				SWIFT_VERSION = 5.0;
				TARGETED_DEVICE_FAMILY = "1,2";
			};
			name = Debug;
		};
		D2CAF8BD23C331B200BFC04B /* Release */ = {
			isa = XCBuildConfiguration;
			buildSettings = {
				ASSETCATALOG_COMPILER_APPICON_NAME = AppIcon;
				CODE_SIGN_STYLE = Automatic;
				INFOPLIST_FILE = Immutability/Info.plist;
				LD_RUNPATH_SEARCH_PATHS = (
					"$(inherited)",
					"@executable_path/Frameworks",
				);
				PRODUCT_BUNDLE_IDENTIFIER = chm.Immutability;
				PRODUCT_NAME = "$(TARGET_NAME)";
				SWIFT_VERSION = 5.0;
				TARGETED_DEVICE_FAMILY = "1,2";
			};
			name = Release;
		};
/* End XCBuildConfiguration section */

/* Begin XCConfigurationList section */
		D2CAF8A223C331AD00BFC04B /* Build configuration list for PBXProject "Immutability" */ = {
			isa = XCConfigurationList;
			buildConfigurations = (
				D2CAF8B923C331B200BFC04B /* Debug */,
				D2CAF8BA23C331B200BFC04B /* Release */,
			);
			defaultConfigurationIsVisible = 0;
			defaultConfigurationName = Release;
		};
		D2CAF8BB23C331B200BFC04B /* Build configuration list for PBXNativeTarget "Immutability" */ = {
			isa = XCConfigurationList;
			buildConfigurations = (
				D2CAF8BC23C331B200BFC04B /* Debug */,
				D2CAF8BD23C331B200BFC04B /* Release */,
			);
			defaultConfigurationIsVisible = 0;
			defaultConfigurationName = Release;
		};
/* End XCConfigurationList section */
	};
	rootObject = D2CAF89F23C331AD00BFC04B /* Project object */;
}
